
Microsoft Visual Studio Solution File, Format Version 12.00
# Visual Studio 15
VisualStudioVersion = 15.0.26124.0
MinimumVisualStudioVersion = 15.0.26124.0
Project("{FAE04EC0-301F-11D3-BF4B-00C04F79EFBC}") = "pipe", "pipe\pipe.csproj", "{20FCD33E-11E1-4BF3-8531-A1A1AB85D5E0}"
EndProject
Project("{FAE04EC0-301F-11D3-BF4B-00C04F79EFBC}") = "pipe.test", "pipe.test\pipe.test.csproj", "{6816473E-ACB7-4810-B3C8-5E5AD5C3DBC7}"
EndProject
Global
	GlobalSection(SolutionConfigurationPlatforms) = preSolution
		Debug|Any CPU = Debug|Any CPU
		Debug|x64 = Debug|x64
		Debug|x86 = Debug|x86
		Release|Any CPU = Release|Any CPU
		Release|x64 = Release|x64
		Release|x86 = Release|x86
	EndGlobalSection
	GlobalSection(SolutionProperties) = preSolution
		HideSolutionNode = FALSE
	EndGlobalSection
	GlobalSection(ProjectConfigurationPlatforms) = postSolution
		{20FCD33E-11E1-4BF3-8531-A1A1AB85D5E0}.Debug|Any CPU.ActiveCfg = Debug|Any CPU
		{20FCD33E-11E1-4BF3-8531-A1A1AB85D5E0}.Debug|Any CPU.Build.0 = Debug|Any CPU
		{20FCD33E-11E1-4BF3-8531-A1A1AB85D5E0}.Debug|x64.ActiveCfg = Debug|Any CPU
		{20FCD33E-11E1-4BF3-8531-A1A1AB85D5E0}.Debug|x64.Build.0 = Debug|Any CPU
		{20FCD33E-11E1-4BF3-8531-A1A1AB85D5E0}.Debug|x86.ActiveCfg = Debug|Any CPU
		{20FCD33E-11E1-4BF3-8531-A1A1AB85D5E0}.Debug|x86.Build.0 = Debug|Any CPU
		{20FCD33E-11E1-4BF3-8531-A1A1AB85D5E0}.Release|Any CPU.ActiveCfg = Release|Any CPU
		{20FCD33E-11E1-4BF3-8531-A1A1AB85D5E0}.Release|Any CPU.Build.0 = Release|Any CPU
		{20FCD33E-11E1-4BF3-8531-A1A1AB85D5E0}.Release|x64.ActiveCfg = Release|Any CPU
		{20FCD33E-11E1-4BF3-8531-A1A1AB85D5E0}.Release|x64.Build.0 = Release|Any CPU
		{20FCD33E-11E1-4BF3-8531-A1A1AB85D5E0}.Release|x86.ActiveCfg = Release|Any CPU
		{20FCD33E-11E1-4BF3-8531-A1A1AB85D5E0}.Release|x86.Build.0 = Release|Any CPU
		{6816473E-ACB7-4810-B3C8-5E5AD5C3DBC7}.Debug|Any CPU.ActiveCfg = Debug|Any CPU
		{6816473E-ACB7-4810-B3C8-5E5AD5C3DBC7}.Debug|Any CPU.Build.0 = Debug|Any CPU
		{6816473E-ACB7-4810-B3C8-5E5AD5C3DBC7}.Debug|x64.ActiveCfg = Debug|Any CPU
		{6816473E-ACB7-4810-B3C8-5E5AD5C3DBC7}.Debug|x64.Build.0 = Debug|Any CPU
		{6816473E-ACB7-4810-B3C8-5E5AD5C3DBC7}.Debug|x86.ActiveCfg = Debug|Any CPU
		{6816473E-ACB7-4810-B3C8-5E5AD5C3DBC7}.Debug|x86.Build.0 = Debug|Any CPU
		{6816473E-ACB7-4810-B3C8-5E5AD5C3DBC7}.Release|Any CPU.ActiveCfg = Release|Any CPU
		{6816473E-ACB7-4810-B3C8-5E5AD5C3DBC7}.Release|Any CPU.Build.0 = Release|Any CPU
		{6816473E-ACB7-4810-B3C8-5E5AD5C3DBC7}.Release|x64.ActiveCfg = Release|Any CPU
		{6816473E-ACB7-4810-B3C8-5E5AD5C3DBC7}.Release|x64.Build.0 = Release|Any CPU
		{6816473E-ACB7-4810-B3C8-5E5AD5C3DBC7}.Release|x86.ActiveCfg = Release|Any CPU
		{6816473E-ACB7-4810-B3C8-5E5AD5C3DBC7}.Release|x86.Build.0 = Release|Any CPU
	EndGlobalSection
EndGlobal
